
Microsoft Visual Studio Solution File, Format Version 12.00
# Visual Studio Version 17
VisualStudioVersion = 17.5.002.0
MinimumVisualStudioVersion = 10.0.40219.1
Project("{9A19103F-16F7-4668-BE54-9A1E7A4F7556}") = "RPG Game", "RPG Game.csproj", "{51EC9E35-3C34-45C2-8314-30EE82D4DD90}"
EndProject
Global
	GlobalSection(SolutionConfigurationPlatforms) = preSolution
		Debug|Any CPU = Debug|Any CPU
		Release|Any CPU = Release|Any CPU
	EndGlobalSection
	GlobalSection(ProjectConfigurationPlatforms) = postSolution
		{51EC9E35-3C34-45C2-8314-30EE82D4DD90}.Debug|Any CPU.ActiveCfg = Debug|Any CPU
		{51EC9E35-3C34-45C2-8314-30EE82D4DD90}.Debug|Any CPU.Build.0 = Debug|Any CPU
		{51EC9E35-3C34-45C2-8314-30EE82D4DD90}.Release|Any CPU.ActiveCfg = Release|Any CPU
		{51EC9E35-3C34-45C2-8314-30EE82D4DD90}.Release|Any CPU.Build.0 = Release|Any CPU
	EndGlobalSection
	GlobalSection(SolutionProperties) = preSolution
		HideSolutionNode = FALSE
	EndGlobalSection
	GlobalSection(ExtensibilityGlobals) = postSolution
		SolutionGuid = {043B369C-BC63-41F8-A6BF-01F5BAF0E042}
	EndGlobalSection
EndGlobal
