
Microsoft Visual Studio Solution File, Format Version 12.00
# Visual Studio Version 17
VisualStudioVersion = 17.5.002.0
MinimumVisualStudioVersion = 10.0.40219.1
Project("{9A19103F-16F7-4668-BE54-9A1E7A4F7556}") = "APIServer", "APIServer.csproj", "{600D0B7E-6EA1-4A7D-95CC-88BCAC038477}"
EndProject
Global
	GlobalSection(SolutionConfigurationPlatforms) = preSolution
		Debug|Any CPU = Debug|Any CPU
		Release|Any CPU = Release|Any CPU
	EndGlobalSection
	GlobalSection(ProjectConfigurationPlatforms) = postSolution
		{600D0B7E-6EA1-4A7D-95CC-88BCAC038477}.Debug|Any CPU.ActiveCfg = Debug|Any CPU
		{600D0B7E-6EA1-4A7D-95CC-88BCAC038477}.Debug|Any CPU.Build.0 = Debug|Any CPU
		{600D0B7E-6EA1-4A7D-95CC-88BCAC038477}.Release|Any CPU.ActiveCfg = Release|Any CPU
		{600D0B7E-6EA1-4A7D-95CC-88BCAC038477}.Release|Any CPU.Build.0 = Release|Any CPU
	EndGlobalSection
	GlobalSection(SolutionProperties) = preSolution
		HideSolutionNode = FALSE
	EndGlobalSection
	GlobalSection(ExtensibilityGlobals) = postSolution
		SolutionGuid = {F6CE8256-9243-4B21-A749-2C691092466C}
	EndGlobalSection
EndGlobal
